
Microsoft Visual Studio Solution File, Format Version 12.00
# Visual Studio Version 16
VisualStudioVersion = 16.0.29613.14
MinimumVisualStudioVersion = 10.0.40219.1
Project("{8BC9CEB8-8B4A-11D0-8D11-00A0C91BC942}") = "Animals", "Animals\Animals.vcxproj", "{C23BC208-86CB-4CE7-9575-A671BEB8B1CE}"
EndProject
Project("{8BC9CEB8-8B4A-11D0-8D11-00A0C91BC942}") = "AnimalTest", "AnimalTest\AnimalTest.vcxproj", "{7898DF5B-5FF1-4349-9ABC-AF66A92A7006}"
EndProject
Global
	GlobalSection(SolutionConfigurationPlatforms) = preSolution
		Debug|x64 = Debug|x64
		Debug|x86 = Debug|x86
		Release|x64 = Release|x64
		Release|x86 = Release|x86
	EndGlobalSection
	GlobalSection(ProjectConfigurationPlatforms) = postSolution
		{C23BC208-86CB-4CE7-9575-A671BEB8B1CE}.Debug|x64.ActiveCfg = Debug|x64
		{C23BC208-86CB-4CE7-9575-A671BEB8B1CE}.Debug|x64.Build.0 = Debug|x64
		{C23BC208-86CB-4CE7-9575-A671BEB8B1CE}.Debug|x86.ActiveCfg = Debug|Win32
		{C23BC208-86CB-4CE7-9575-A671BEB8B1CE}.Debug|x86.Build.0 = Debug|Win32
		{C23BC208-86CB-4CE7-9575-A671BEB8B1CE}.Release|x64.ActiveCfg = Release|x64
		{C23BC208-86CB-4CE7-9575-A671BEB8B1CE}.Release|x64.Build.0 = Release|x64
		{C23BC208-86CB-4CE7-9575-A671BEB8B1CE}.Release|x86.ActiveCfg = Release|Win32
		{C23BC208-86CB-4CE7-9575-A671BEB8B1CE}.Release|x86.Build.0 = Release|Win32
		{7898DF5B-5FF1-4349-9ABC-AF66A92A7006}.Debug|x64.ActiveCfg = Debug|x64
		{7898DF5B-5FF1-4349-9ABC-AF66A92A7006}.Debug|x64.Build.0 = Debug|x64
		{7898DF5B-5FF1-4349-9ABC-AF66A92A7006}.Debug|x86.ActiveCfg = Debug|Win32
		{7898DF5B-5FF1-4349-9ABC-AF66A92A7006}.Debug|x86.Build.0 = Debug|Win32
		{7898DF5B-5FF1-4349-9ABC-AF66A92A7006}.Release|x64.ActiveCfg = Release|x64
		{7898DF5B-5FF1-4349-9ABC-AF66A92A7006}.Release|x64.Build.0 = Release|x64
		{7898DF5B-5FF1-4349-9ABC-AF66A92A7006}.Release|x86.ActiveCfg = Release|Win32
		{7898DF5B-5FF1-4349-9ABC-AF66A92A7006}.Release|x86.Build.0 = Release|Win32
	EndGlobalSection
	GlobalSection(SolutionProperties) = preSolution
		HideSolutionNode = FALSE
	EndGlobalSection
	GlobalSection(ExtensibilityGlobals) = postSolution
		SolutionGuid = {EBDCDD8C-216E-401A-B196-0D3E2B1D3887}
	EndGlobalSection
EndGlobal
